
Microsoft Visual Studio Solution File, Format Version 12.00
# Visual Studio Version 16
VisualStudioVersion = 16.0.30907.101
MinimumVisualStudioVersion = 10.0.40219.1
Project("{FAE04EC0-301F-11D3-BF4B-00C04F79EFBC}") = "Test_1", "Test_1\Test_1.csproj", "{505CC00E-7101-4483-8B37-CCE2B42EE3E7}"
EndProject
Global
	GlobalSection(SolutionConfigurationPlatforms) = preSolution
		Debug|Any CPU = Debug|Any CPU
		Release|Any CPU = Release|Any CPU
	EndGlobalSection
	GlobalSection(ProjectConfigurationPlatforms) = postSolution
		{505CC00E-7101-4483-8B37-CCE2B42EE3E7}.Debug|Any CPU.ActiveCfg = Debug|Any CPU
		{505CC00E-7101-4483-8B37-CCE2B42EE3E7}.Debug|Any CPU.Build.0 = Debug|Any CPU
		{505CC00E-7101-4483-8B37-CCE2B42EE3E7}.Release|Any CPU.ActiveCfg = Release|Any CPU
		{505CC00E-7101-4483-8B37-CCE2B42EE3E7}.Release|Any CPU.Build.0 = Release|Any CPU
	EndGlobalSection
	GlobalSection(SolutionProperties) = preSolution
		HideSolutionNode = FALSE
	EndGlobalSection
	GlobalSection(ExtensibilityGlobals) = postSolution
		SolutionGuid = {E13964DD-E7B3-427B-A368-377E67C2FD13}
	EndGlobalSection
EndGlobal
