
Microsoft Visual Studio Solution File, Format Version 12.00
# Visual Studio Version 16
VisualStudioVersion = 16.0.30907.101
MinimumVisualStudioVersion = 10.0.40219.1
Project("{FAE04EC0-301F-11D3-BF4B-00C04F79EFBC}") = "Test_2", "Test_2\Test_2.csproj", "{B915E53A-44A9-4823-882B-D7BDA98F6036}"
EndProject
Global
	GlobalSection(SolutionConfigurationPlatforms) = preSolution
		Debug|Any CPU = Debug|Any CPU
		Release|Any CPU = Release|Any CPU
	EndGlobalSection
	GlobalSection(ProjectConfigurationPlatforms) = postSolution
		{B915E53A-44A9-4823-882B-D7BDA98F6036}.Debug|Any CPU.ActiveCfg = Debug|Any CPU
		{B915E53A-44A9-4823-882B-D7BDA98F6036}.Debug|Any CPU.Build.0 = Debug|Any CPU
		{B915E53A-44A9-4823-882B-D7BDA98F6036}.Release|Any CPU.ActiveCfg = Release|Any CPU
		{B915E53A-44A9-4823-882B-D7BDA98F6036}.Release|Any CPU.Build.0 = Release|Any CPU
	EndGlobalSection
	GlobalSection(SolutionProperties) = preSolution
		HideSolutionNode = FALSE
	EndGlobalSection
	GlobalSection(ExtensibilityGlobals) = postSolution
		SolutionGuid = {68CEF101-D7B3-44AD-B1E9-B2CA91CF2A16}
	EndGlobalSection
EndGlobal
